
Microsoft Visual Studio Solution File, Format Version 12.00
# Visual Studio Version 17
VisualStudioVersion = 17.12.35527.113 d17.12
MinimumVisualStudioVersion = 10.0.40219.1
Project("{FAE04EC0-301F-11D3-BF4B-00C04F79EFBC}") = "WebAppActions", "WebAppActions\WebAppActions.csproj", "{2EFD44D4-3DE8-475F-A881-A6DC3330C830}"
EndProject
Project("{2150E333-8FDC-42A3-9474-1A3956D46DE8}") = "Solution Items", "Solution Items", "{900B1CB8-6B1D-404D-A07D-843CD6EE0086}"
	ProjectSection(SolutionItems) = preProject
		compose.yaml = compose.yaml
	EndProjectSection
EndProject
Global
	GlobalSection(SolutionConfigurationPlatforms) = preSolution
		Debug|Any CPU = Debug|Any CPU
		Release|Any CPU = Release|Any CPU
	EndGlobalSection
	GlobalSection(ProjectConfigurationPlatforms) = postSolution
		{2EFD44D4-3DE8-475F-A881-A6DC3330C830}.Debug|Any CPU.ActiveCfg = Debug|Any CPU
		{2EFD44D4-3DE8-475F-A881-A6DC3330C830}.Debug|Any CPU.Build.0 = Debug|Any CPU
		{2EFD44D4-3DE8-475F-A881-A6DC3330C830}.Release|Any CPU.ActiveCfg = Release|Any CPU
		{2EFD44D4-3DE8-475F-A881-A6DC3330C830}.Release|Any CPU.Build.0 = Release|Any CPU
	EndGlobalSection
	GlobalSection(SolutionProperties) = preSolution
		HideSolutionNode = FALSE
	EndGlobalSection
EndGlobal
